# THIS IS AN AUTOGENERATED FILE. DO NOT EDIT THIS FILE DIRECTLY.
# yarn lockfile v1


"@types/lodash@^4.14.165":
  version "4.14.165"
  resolved "https://registry.npmjs.org/@types/lodash/-/lodash-4.14.165.tgz#74d55d947452e2de0742bad65270433b63a8c30f"
  integrity sha512-tjSSOTHhI5mCHTy/OOXYIhi2Wt1qcbHmuXD1Ha7q70CgI/I71afO4XtLb/cVexki1oVYchpul/TOuu3Arcdxrg==

"@types/node@*":
  version "14.14.14"
  resolved "https://registry.npmjs.org/@types/node/-/node-14.14.14.tgz#f7fd5f3cc8521301119f63910f0fb965c7d761ae"
  integrity sha512-UHnOPWVWV1z+VV8k6L1HhG7UbGBgIdghqF3l9Ny9ApPghbjICXkUJSd/b9gOgQfjM1r+37cipdw/HJ3F6ICEnQ==

"@types/prop-types@*":
  version "15.7.3"
  resolved "https://registry.npmjs.org/@types/prop-types/-/prop-types-15.7.3.tgz#2ab0d5da2e5815f94b0b9d4b95d1e5f243ab2ca7"
  integrity sha512-KfRL3PuHmqQLOG+2tGpRO26Ctg+Cq1E01D2DMriKEATHgWLfeNDmq9e29Q9WIky0dQ3NPkd1mzYH8Lm936Z9qw==

"@types/react@^17.0.0":
  version "17.0.0"
  resolved "https://registry.npmjs.org/@types/react/-/react-17.0.0.tgz#5af3eb7fad2807092f0046a1302b7823e27919b8"
  integrity sha512-aj/L7RIMsRlWML3YB6KZiXB3fV2t41+5RBGYF8z+tAKU43Px8C3cYUZsDvf1/+Bm4FK21QWBrDutu8ZJ/70qOw==
  dependencies:
    "@types/prop-types" "*"
    csstype "^3.0.2"

"@types/resolve@0.0.8":
  version "0.0.8"
  resolved "https://registry.npmjs.org/@types/resolve/-/resolve-0.0.8.tgz#f26074d238e02659e323ce1a13d041eee280e194"
  integrity sha512-auApPaJf3NPfe18hSoJkp8EbZzer2ISk7o8mCC3M9he/a04+gbMF97NkpD2S8riMGvm4BMRI59/SZQSaLTKpsQ==
  dependencies:
    "@types/node" "*"

await-to-js@^2.1.1:
  version "2.1.1"
  resolved "https://registry.npmjs.org/await-to-js/-/await-to-js-2.1.1.tgz#c2093cd5a386f2bb945d79b292817bbc3f41b31b"
  integrity sha512-CHBC6gQGCIzjZ09tJ+XmpQoZOn4GdWePB4qUweCaKNJ0D3f115YdhmYVTZ4rMVpiJ3cFzZcTYK1VMYEICV4YXw==

builtin-modules@^3.1.0:
  version "3.1.0"
  resolved "https://registry.npmjs.org/builtin-modules/-/builtin-modules-3.1.0.tgz#aad97c15131eb76b65b50ef208e7584cd76a7484"
  integrity sha512-k0KL0aWZuBt2lrxrcASWDfwOLMnodeQjodT/1SxEQAXsHANgo6ZC/VEaSEHCXt7aSTZ4/4H5LKa+tBXmW7Vtvw==

csstype@^3.0.2:
  version "3.0.5"
  resolved "https://registry.npmjs.org/csstype/-/csstype-3.0.5.tgz#7fdec6a28a67ae18647c51668a9ff95bb2fa7bb8"
  integrity sha512-uVDi8LpBUKQj6sdxNaTetL6FpeCqTjOvAQuQUa/qAqq8oOd4ivkbhgnqayl0dnPal8Tb/yB1tF+gOvCBiicaiQ==

estree-walker@^0.6.1:
  version "0.6.1"
  resolved "https://registry.npmjs.org/estree-walker/-/estree-walker-0.6.1.tgz#53049143f40c6eb918b23671d1fe3219f3a1b362"
  integrity sha512-SqmZANLWS0mnatqbSfRP5g8OXZC12Fgg1IwNtLsyHDzJizORW4khDfjPqJZsemPWBB2uqykUah5YpQ6epsqC/w==

fsevents@~2.1.2:
  version "2.1.3"
  resolved "https://registry.npmjs.org/fsevents/-/fsevents-2.1.3.tgz#fb738703ae8d2f9fe900c33836ddebee8b97f23e"
  integrity sha512-Auw9a4AxqWpa9GUfj370BMPzzyncfBABW8Mab7BGWBYDj4Isgq+cDKtx0i6u9jcX9pQDnswsaaOTgTmA5pEjuQ==

function-bind@^1.1.1:
  version "1.1.1"
  resolved "https://registry.npmjs.org/function-bind/-/function-bind-1.1.1.tgz#a56899d3ea3c9bab874bb9773b7c5ede92f4895d"
  integrity sha512-yIovAzMX49sF8Yl58fSCWJ5svSLuaibPxXQJFLmBObTuCr0Mf1KiPopGM9NiFjiYBCbfaa2Fh6breQ6ANVTI0A==

has@^1.0.3:
  version "1.0.3"
  resolved "https://registry.npmjs.org/has/-/has-1.0.3.tgz#722d7cbfc1f6aa8241f16dd814e011e1f41e8796"
  integrity sha512-f2dvO0VU6Oej7RkWJGrehjbzMAjFp5/VKPp5tTpWIV4JHHZK1/BxbFRtf/siA2SWTe09caDmVtYYzWEIbBS4zw==
  dependencies:
    function-bind "^1.1.1"

is-core-module@^2.1.0:
  version "2.2.0"
  resolved "https://registry.npmjs.org/is-core-module/-/is-core-module-2.2.0.tgz#97037ef3d52224d85163f5597b2b63d9afed981a"
  integrity sha512-XRAfAdyyY5F5cOXn7hYQDqh2Xmii+DEfIcQGxK/uNwMHhIkPWO0g8msXcbzLe+MpGoR951MlqM/2iIlU4vKDdQ==
  dependencies:
    has "^1.0.3"

is-module@^1.0.0:
  version "1.0.0"
  resolved "https://registry.npmjs.org/is-module/-/is-module-1.0.0.tgz#3258fb69f78c14d5b815d664336b4cffb6441591"
  integrity sha1-Mlj7afeMFNW4FdZkM2tM/7ZEFZE=

"js-tokens@^3.0.0 || ^4.0.0":
  version "4.0.0"
  resolved "https://registry.npmjs.org/js-tokens/-/js-tokens-4.0.0.tgz#19203fb59991df98e3a287050d4647cdeaf32499"
  integrity sha512-RdJUflcE3cUzKiMqQgsCu06FPu9UdIJO0beYbPhHN4k6apgJtifcoCtT9bcxOpYBtpD2kCM6Sbzg4CausW/PKQ==

loose-envify@^1.1.0:
  version "1.4.0"
  resolved "https://registry.npmjs.org/loose-envify/-/loose-envify-1.4.0.tgz#71ee51fa7be4caec1a63839f7e682d8132d30caf"
  integrity sha512-lyuxPGr/Wfhrlem2CL/UcnUc1zcqKAImBDzukY7Y5F/yQiNdko6+fRLevlw1HgMySw7f611UIY408EtxRSoK3Q==
  dependencies:
    js-tokens "^3.0.0 || ^4.0.0"

object-assign@^4.1.1:
  version "4.1.1"
  resolved "https://registry.npmjs.org/object-assign/-/object-assign-4.1.1.tgz#2109adc7965887cfc05cbbd442cac8bfbb360863"
  integrity sha1-IQmtx5ZYh8/AXLvUQsrIv7s2CGM=

path-parse@^1.0.6:
  version "1.0.6"
  resolved "https://registry.npmjs.org/path-parse/-/path-parse-1.0.6.tgz#d62dbb5679405d72c4737ec58600e9ddcf06d24c"
  integrity sha512-GSmOT2EbHrINBf9SR7CDELwlJ8AENk3Qn7OikK4nFYAu3Ote2+JYNVvkpAEQm3/TLNEJFD/xZJjzyxg3KBWOzw==

react@^17.0.1:
  version "17.0.1"
  resolved "https://registry.npmjs.org/react/-/react-17.0.1.tgz#6e0600416bd57574e3f86d92edba3d9008726127"
  integrity sha512-lG9c9UuMHdcAexXtigOZLX8exLWkW0Ku29qPRU8uhF2R9BN96dLCt0psvzPLlHc5OWkgymP3qwTRgbnw5BKx3w==
  dependencies:
    loose-envify "^1.1.0"
    object-assign "^4.1.1"

resolve@^1.11.1:
  version "1.19.0"
  resolved "https://registry.npmjs.org/resolve/-/resolve-1.19.0.tgz#1af5bf630409734a067cae29318aac7fa29a267c"
  integrity sha512-rArEXAgsBG4UgRGcynxWIWKFvh/XZCcS8UJdHhwy91zwAvCZIbcs+vAbflgBnNjYMs/i/i+/Ux6IZhML1yPvxg==
  dependencies:
    is-core-module "^2.1.0"
    path-parse "^1.0.6"

rollup-plugin-node-resolve@^5.2.0:
  version "5.2.0"
  resolved "https://registry.npmjs.org/rollup-plugin-node-resolve/-/rollup-plugin-node-resolve-5.2.0.tgz#730f93d10ed202473b1fb54a5997a7db8c6d8523"
  integrity sha512-jUlyaDXts7TW2CqQ4GaO5VJ4PwwaV8VUGA7+km3n6k6xtOEacf61u0VXwN80phY/evMcaS+9eIeJ9MOyDxt5Zw==
  dependencies:
    "@types/resolve" "0.0.8"
    builtin-modules "^3.1.0"
    is-module "^1.0.0"
    resolve "^1.11.1"
    rollup-pluginutils "^2.8.1"

rollup-plugin-peer-deps-external@^2.2.4:
  version "2.2.4"
  resolved "https://registry.npmjs.org/rollup-plugin-peer-deps-external/-/rollup-plugin-peer-deps-external-2.2.4.tgz#8a420bbfd6dccc30aeb68c9bf57011f2f109570d"
  integrity sha512-AWdukIM1+k5JDdAqV/Cxd+nejvno2FVLVeZ74NKggm3Q5s9cbbcOgUPGdbxPi4BXu7xGaZ8HG12F+thImYu/0g==

rollup-pluginutils@^2.8.1:
  version "2.8.2"
  resolved "https://registry.npmjs.org/rollup-pluginutils/-/rollup-pluginutils-2.8.2.tgz#72f2af0748b592364dbd3389e600e5a9444a351e"
  integrity sha512-EEp9NhnUkwY8aif6bxgovPHMoMoNr2FulJziTndpt5H9RdwC47GSGuII9XxpSdzVGM0GWrNPHV6ie1LTNJPaLQ==
  dependencies:
    estree-walker "^0.6.1"

rollup@^2.35.1:
  version "2.35.1"
  resolved "https://registry.npmjs.org/rollup/-/rollup-2.35.1.tgz#e6bc8d10893556a638066f89e8c97f422d03968c"
  integrity sha512-q5KxEyWpprAIcainhVy6HfRttD9kutQpHbeqDTWnqAFNJotiojetK6uqmcydNMymBEtC4I8bCYR+J3mTMqeaUA==
  optionalDependencies:
    fsevents "~2.1.2"

typescript@^4.1.3:
  version "4.1.3"
  resolved "https://registry.npmjs.org/typescript/-/typescript-4.1.3.tgz#519d582bd94cba0cf8934c7d8e8467e473f53bb7"
  integrity sha512-B3ZIOf1IKeH2ixgHhj6la6xdwR9QrLC5d1VKeCSY4tvkqhF2eqd9O7txNlS0PO3GrBAFIdr3L1ndNwteUbZLYg==
